
Microsoft Visual Studio Solution File, Format Version 12.00
# Visual Studio Version 17
VisualStudioVersion = 17.5.33516.290
MinimumVisualStudioVersion = 10.0.40219.1
Project("{FAE04EC0-301F-11D3-BF4B-00C04F79EFBC}") = "03DBFirst", "03DBFirst\03DBFirst.csproj", "{66BA7AE9-EEB4-40F5-90A4-8EC297F18488}"
EndProject
Global
	GlobalSection(SolutionConfigurationPlatforms) = preSolution
		Debug|Any CPU = Debug|Any CPU
		Release|Any CPU = Release|Any CPU
	EndGlobalSection
	GlobalSection(ProjectConfigurationPlatforms) = postSolution
		{66BA7AE9-EEB4-40F5-90A4-8EC297F18488}.Debug|Any CPU.ActiveCfg = Debug|Any CPU
		{66BA7AE9-EEB4-40F5-90A4-8EC297F18488}.Debug|Any CPU.Build.0 = Debug|Any CPU
		{66BA7AE9-EEB4-40F5-90A4-8EC297F18488}.Release|Any CPU.ActiveCfg = Release|Any CPU
		{66BA7AE9-EEB4-40F5-90A4-8EC297F18488}.Release|Any CPU.Build.0 = Release|Any CPU
	EndGlobalSection
	GlobalSection(SolutionProperties) = preSolution
		HideSolutionNode = FALSE
	EndGlobalSection
	GlobalSection(ExtensibilityGlobals) = postSolution
		SolutionGuid = {F1A9DB6B-A760-4327-B7C2-66F1B88FDCB4}
	EndGlobalSection
EndGlobal
